
Microsoft Visual Studio Solution File, Format Version 11.00
# Visual Studio 2010
Project("{FAE04EC0-301F-11D3-BF4B-00C04F79EFBC}") = "carp", "Assembly-CSharp.csproj", "{7401CCE6-9BA3-78D3-EC75-DFB39B199959}"
EndProject
Project("{FAE04EC0-301F-11D3-BF4B-00C04F79EFBC}") = "carp", "Assembly-CSharp-Editor.csproj", "{DC1A669C-4428-F01C-AB9A-A1DAEE970801}"
EndProject
Global
	GlobalSection(SolutionConfigurationPlatforms) = preSolution
		Debug|Any CPU = Debug|Any CPU
		Release|Any CPU = Release|Any CPU
	EndGlobalSection
	GlobalSection(ProjectConfigurationPlatforms) = postSolution
		{7401CCE6-9BA3-78D3-EC75-DFB39B199959}.Debug|Any CPU.ActiveCfg = Debug|Any CPU
		{7401CCE6-9BA3-78D3-EC75-DFB39B199959}.Debug|Any CPU.Build.0 = Debug|Any CPU
		{7401CCE6-9BA3-78D3-EC75-DFB39B199959}.Release|Any CPU.ActiveCfg = Release|Any CPU
		{7401CCE6-9BA3-78D3-EC75-DFB39B199959}.Release|Any CPU.Build.0 = Release|Any CPU
		{DC1A669C-4428-F01C-AB9A-A1DAEE970801}.Debug|Any CPU.ActiveCfg = Debug|Any CPU
		{DC1A669C-4428-F01C-AB9A-A1DAEE970801}.Debug|Any CPU.Build.0 = Debug|Any CPU
		{DC1A669C-4428-F01C-AB9A-A1DAEE970801}.Release|Any CPU.ActiveCfg = Release|Any CPU
		{DC1A669C-4428-F01C-AB9A-A1DAEE970801}.Release|Any CPU.Build.0 = Release|Any CPU
	EndGlobalSection
	GlobalSection(SolutionProperties) = preSolution
		HideSolutionNode = FALSE
	EndGlobalSection
	GlobalSection(MonoDevelopProperties) = preSolution
		StartupItem = Assembly-CSharp.csproj
	EndGlobalSection
EndGlobal
